
Microsoft Visual Studio Solution File, Format Version 12.00
# Visual Studio 14
VisualStudioVersion = 14.0.25420.1
MinimumVisualStudioVersion = 10.0.40219.1
Project("{FAE04EC0-301F-11D3-BF4B-00C04F79EFBC}") = "MyFirstButton", "ListMyLayers\ListMyLayers\MyFirstButton.csproj", "{6B185A1D-A9B3-48AF-A924-D120D1580F1A}"
EndProject
Project("{FAE04EC0-301F-11D3-BF4B-00C04F79EFBC}") = "myFirstTool", "myFirstTool\myFirstTool\myFirstTool.csproj", "{45CAABB2-35EE-45E7-81E0-A409D7E85B86}"
EndProject
Project("{FAE04EC0-301F-11D3-BF4B-00C04F79EFBC}") = "CreatePointFeature", "CreatePointFeature\CreatePointFeature.csproj", "{651D684E-CC9D-48D6-958D-721C55762989}"
EndProject
Project("{FAE04EC0-301F-11D3-BF4B-00C04F79EFBC}") = "CreateLineFeature", "CreateLineFeature\CreateLineFeature.csproj", "{4740A813-CEFB-4007-A468-5C65500ED33D}"
EndProject
Project("{FAE04EC0-301F-11D3-BF4B-00C04F79EFBC}") = "CreatingMillionFeatures", "CreatingMillionFeatures\CreatingMillionFeatures.csproj", "{5A9495FE-1C74-4FCF-8555-0004C73BCC89}"
EndProject
Project("{FAE04EC0-301F-11D3-BF4B-00C04F79EFBC}") = "CreatePolygonFeature", "CreatePolygonFeature\CreatePolygonFeature.csproj", "{0F286446-B8FB-4E39-8A77-CD5D1ACC6235}"
EndProject
Project("{FAE04EC0-301F-11D3-BF4B-00C04F79EFBC}") = "CreateRowTable", "CreateRowTable\CreateRowTable.csproj", "{3FDC2A85-C29E-4445-A190-4EEC4F39AD32}"
EndProject
Project("{FAE04EC0-301F-11D3-BF4B-00C04F79EFBC}") = "WorkingWithCodedValueDomains", "WorkingWithCodedValueDomains\WorkingWithCodedValueDomains.csproj", "{95325DAC-D3DF-47B9-89C1-811F5B4B5AE4}"
EndProject
Project("{FAE04EC0-301F-11D3-BF4B-00C04F79EFBC}") = "RecyclingVSNonRecyclingCursor", "RecyclingVSNonRecyclingCursor\RecyclingVSNonRecyclingCursor.csproj", "{3486234B-2AEB-4FB0-9481-911A8D19A9E3}"
EndProject
Project("{FAE04EC0-301F-11D3-BF4B-00C04F79EFBC}") = "DiscoverWorkspaces", "DiscoverWorkspaces\DiscoverWorkspaces.csproj", "{57437ABD-50A0-436D-A4FC-B70776FBC4D4}"
EndProject
Project("{FAE04EC0-301F-11D3-BF4B-00C04F79EFBC}") = "FindLayer", "FindLayer\FindLayer.csproj", "{D9DFB2E6-4180-495B-A6C1-2C7F89A668AD}"
EndProject
Project("{FAE04EC0-301F-11D3-BF4B-00C04F79EFBC}") = "EditingFeatureAttributes", "EditingFeatureAttributes\EditingFeatureAttributes.csproj", "{721E34A7-6382-41A2-9C79-86F24E90D288}"
EndProject
Project("{FAE04EC0-301F-11D3-BF4B-00C04F79EFBC}") = "WorkingWithGraphics", "WorkingWithGraphics\WorkingWithGraphics.csproj", "{77787C87-62A7-462B-A8F1-2B03C5765976}"
EndProject
Global
	GlobalSection(SolutionConfigurationPlatforms) = preSolution
		Debug|Any CPU = Debug|Any CPU
		Release|Any CPU = Release|Any CPU
	EndGlobalSection
	GlobalSection(ProjectConfigurationPlatforms) = postSolution
		{6B185A1D-A9B3-48AF-A924-D120D1580F1A}.Debug|Any CPU.ActiveCfg = Debug|Any CPU
		{6B185A1D-A9B3-48AF-A924-D120D1580F1A}.Debug|Any CPU.Build.0 = Debug|Any CPU
		{6B185A1D-A9B3-48AF-A924-D120D1580F1A}.Release|Any CPU.ActiveCfg = Release|Any CPU
		{6B185A1D-A9B3-48AF-A924-D120D1580F1A}.Release|Any CPU.Build.0 = Release|Any CPU
		{45CAABB2-35EE-45E7-81E0-A409D7E85B86}.Debug|Any CPU.ActiveCfg = Debug|Any CPU
		{45CAABB2-35EE-45E7-81E0-A409D7E85B86}.Debug|Any CPU.Build.0 = Debug|Any CPU
		{45CAABB2-35EE-45E7-81E0-A409D7E85B86}.Release|Any CPU.ActiveCfg = Release|Any CPU
		{45CAABB2-35EE-45E7-81E0-A409D7E85B86}.Release|Any CPU.Build.0 = Release|Any CPU
		{651D684E-CC9D-48D6-958D-721C55762989}.Debug|Any CPU.ActiveCfg = Debug|Any CPU
		{651D684E-CC9D-48D6-958D-721C55762989}.Debug|Any CPU.Build.0 = Debug|Any CPU
		{651D684E-CC9D-48D6-958D-721C55762989}.Release|Any CPU.ActiveCfg = Release|Any CPU
		{651D684E-CC9D-48D6-958D-721C55762989}.Release|Any CPU.Build.0 = Release|Any CPU
		{4740A813-CEFB-4007-A468-5C65500ED33D}.Debug|Any CPU.ActiveCfg = Debug|Any CPU
		{4740A813-CEFB-4007-A468-5C65500ED33D}.Debug|Any CPU.Build.0 = Debug|Any CPU
		{4740A813-CEFB-4007-A468-5C65500ED33D}.Release|Any CPU.ActiveCfg = Release|Any CPU
		{4740A813-CEFB-4007-A468-5C65500ED33D}.Release|Any CPU.Build.0 = Release|Any CPU
		{5A9495FE-1C74-4FCF-8555-0004C73BCC89}.Debug|Any CPU.ActiveCfg = Debug|Any CPU
		{5A9495FE-1C74-4FCF-8555-0004C73BCC89}.Debug|Any CPU.Build.0 = Debug|Any CPU
		{5A9495FE-1C74-4FCF-8555-0004C73BCC89}.Release|Any CPU.ActiveCfg = Release|Any CPU
		{5A9495FE-1C74-4FCF-8555-0004C73BCC89}.Release|Any CPU.Build.0 = Release|Any CPU
		{0F286446-B8FB-4E39-8A77-CD5D1ACC6235}.Debug|Any CPU.ActiveCfg = Debug|Any CPU
		{0F286446-B8FB-4E39-8A77-CD5D1ACC6235}.Debug|Any CPU.Build.0 = Debug|Any CPU
		{0F286446-B8FB-4E39-8A77-CD5D1ACC6235}.Release|Any CPU.ActiveCfg = Release|Any CPU
		{0F286446-B8FB-4E39-8A77-CD5D1ACC6235}.Release|Any CPU.Build.0 = Release|Any CPU
		{3FDC2A85-C29E-4445-A190-4EEC4F39AD32}.Debug|Any CPU.ActiveCfg = Debug|Any CPU
		{3FDC2A85-C29E-4445-A190-4EEC4F39AD32}.Debug|Any CPU.Build.0 = Debug|Any CPU
		{3FDC2A85-C29E-4445-A190-4EEC4F39AD32}.Release|Any CPU.ActiveCfg = Release|Any CPU
		{3FDC2A85-C29E-4445-A190-4EEC4F39AD32}.Release|Any CPU.Build.0 = Release|Any CPU
		{95325DAC-D3DF-47B9-89C1-811F5B4B5AE4}.Debug|Any CPU.ActiveCfg = Debug|Any CPU
		{95325DAC-D3DF-47B9-89C1-811F5B4B5AE4}.Debug|Any CPU.Build.0 = Debug|Any CPU
		{95325DAC-D3DF-47B9-89C1-811F5B4B5AE4}.Release|Any CPU.ActiveCfg = Release|Any CPU
		{95325DAC-D3DF-47B9-89C1-811F5B4B5AE4}.Release|Any CPU.Build.0 = Release|Any CPU
		{3486234B-2AEB-4FB0-9481-911A8D19A9E3}.Debug|Any CPU.ActiveCfg = Debug|Any CPU
		{3486234B-2AEB-4FB0-9481-911A8D19A9E3}.Debug|Any CPU.Build.0 = Debug|Any CPU
		{3486234B-2AEB-4FB0-9481-911A8D19A9E3}.Release|Any CPU.ActiveCfg = Release|Any CPU
		{3486234B-2AEB-4FB0-9481-911A8D19A9E3}.Release|Any CPU.Build.0 = Release|Any CPU
		{57437ABD-50A0-436D-A4FC-B70776FBC4D4}.Debug|Any CPU.ActiveCfg = Debug|Any CPU
		{57437ABD-50A0-436D-A4FC-B70776FBC4D4}.Debug|Any CPU.Build.0 = Debug|Any CPU
		{57437ABD-50A0-436D-A4FC-B70776FBC4D4}.Release|Any CPU.ActiveCfg = Release|Any CPU
		{57437ABD-50A0-436D-A4FC-B70776FBC4D4}.Release|Any CPU.Build.0 = Release|Any CPU
		{D9DFB2E6-4180-495B-A6C1-2C7F89A668AD}.Debug|Any CPU.ActiveCfg = Debug|Any CPU
		{D9DFB2E6-4180-495B-A6C1-2C7F89A668AD}.Debug|Any CPU.Build.0 = Debug|Any CPU
		{D9DFB2E6-4180-495B-A6C1-2C7F89A668AD}.Release|Any CPU.ActiveCfg = Release|Any CPU
		{D9DFB2E6-4180-495B-A6C1-2C7F89A668AD}.Release|Any CPU.Build.0 = Release|Any CPU
		{721E34A7-6382-41A2-9C79-86F24E90D288}.Debug|Any CPU.ActiveCfg = Debug|Any CPU
		{721E34A7-6382-41A2-9C79-86F24E90D288}.Debug|Any CPU.Build.0 = Debug|Any CPU
		{721E34A7-6382-41A2-9C79-86F24E90D288}.Release|Any CPU.ActiveCfg = Release|Any CPU
		{721E34A7-6382-41A2-9C79-86F24E90D288}.Release|Any CPU.Build.0 = Release|Any CPU
		{77787C87-62A7-462B-A8F1-2B03C5765976}.Debug|Any CPU.ActiveCfg = Debug|Any CPU
		{77787C87-62A7-462B-A8F1-2B03C5765976}.Debug|Any CPU.Build.0 = Debug|Any CPU
		{77787C87-62A7-462B-A8F1-2B03C5765976}.Release|Any CPU.ActiveCfg = Release|Any CPU
		{77787C87-62A7-462B-A8F1-2B03C5765976}.Release|Any CPU.Build.0 = Release|Any CPU
	EndGlobalSection
	GlobalSection(SolutionProperties) = preSolution
		HideSolutionNode = FALSE
	EndGlobalSection
EndGlobal
